
Microsoft Visual Studio Solution File, Format Version 12.00
# Visual Studio 15
VisualStudioVersion = 15.0.27703.2042
MinimumVisualStudioVersion = 10.0.40219.1
Project("{FAE04EC0-301F-11D3-BF4B-00C04F79EFBC}") = "GAFE", "GAFE.csproj", "{7F6178CF-6421-4529-B5E0-9E61DDAD9C75}"
EndProject
Global
	GlobalSection(SolutionConfigurationPlatforms) = preSolution
		Debug|Any CPU = Debug|Any CPU
		Release|Any CPU = Release|Any CPU
	EndGlobalSection
	GlobalSection(ProjectConfigurationPlatforms) = postSolution
		{7F6178CF-6421-4529-B5E0-9E61DDAD9C75}.Debug|Any CPU.ActiveCfg = Debug|Any CPU
		{7F6178CF-6421-4529-B5E0-9E61DDAD9C75}.Debug|Any CPU.Build.0 = Debug|Any CPU
		{7F6178CF-6421-4529-B5E0-9E61DDAD9C75}.Release|Any CPU.ActiveCfg = Release|Any CPU
		{7F6178CF-6421-4529-B5E0-9E61DDAD9C75}.Release|Any CPU.Build.0 = Release|Any CPU
	EndGlobalSection
	GlobalSection(SolutionProperties) = preSolution
		HideSolutionNode = FALSE
	EndGlobalSection
	GlobalSection(ExtensibilityGlobals) = postSolution
		SolutionGuid = {434CE9F0-76D2-43C3-AAB1-5936F1D67F55}
	EndGlobalSection
EndGlobal
